
Microsoft Visual Studio Solution File, Format Version 12.00
# Visual Studio Version 17
VisualStudioVersion = 17.12.35521.163
MinimumVisualStudioVersion = 10.0.40219.1
Project("{FAE04EC0-301F-11D3-BF4B-00C04F79EFBC}") = "BibliotecaWeb", "BibliotecaWeb\BibliotecaWeb.csproj", "{A9DEE8A3-4BA3-4D04-B82F-14C0AEEFEDB6}"
EndProject
Project("{FAE04EC0-301F-11D3-BF4B-00C04F79EFBC}") = "Core", "Core\Core.csproj", "{B8761EBA-B502-4270-A4C1-75D5E6AF67FE}"
EndProject
Project("{FAE04EC0-301F-11D3-BF4B-00C04F79EFBC}") = "Service", "Service\Service.csproj", "{00F47FD0-026A-4268-BEB5-661ECF69A011}"
EndProject
Project("{FAE04EC0-301F-11D3-BF4B-00C04F79EFBC}") = "BibliotecaWebTeste", "BibliotecaWebTeste\BibliotecaWebTeste.csproj", "{F24FEE40-7A63-416D-9DBE-910DBD1C34D9}"
EndProject
Project("{FAE04EC0-301F-11D3-BF4B-00C04F79EFBC}") = "BibliotecaAPI", "BibliotecaAPI\BibliotecaAPI.csproj", "{952648C5-4737-41CA-AA70-73F7A4CFD714}"
EndProject
Project("{FAE04EC0-301F-11D3-BF4B-00C04F79EFBC}") = "ServiceTeste", "ServiceTeste\ServiceTeste.csproj", "{DC94E707-39CF-43F7-8B19-3DDC999921FD}"
EndProject
Project("{FAE04EC0-301F-11D3-BF4B-00C04F79EFBC}") = "Util", "Util\Util.csproj", "{8D00D8F1-12E5-450C-8906-E974B5423BE6}"
EndProject
Global
	GlobalSection(SolutionConfigurationPlatforms) = preSolution
		Debug|Any CPU = Debug|Any CPU
		Release|Any CPU = Release|Any CPU
	EndGlobalSection
	GlobalSection(ProjectConfigurationPlatforms) = postSolution
		{A9DEE8A3-4BA3-4D04-B82F-14C0AEEFEDB6}.Debug|Any CPU.ActiveCfg = Debug|Any CPU
		{A9DEE8A3-4BA3-4D04-B82F-14C0AEEFEDB6}.Debug|Any CPU.Build.0 = Debug|Any CPU
		{A9DEE8A3-4BA3-4D04-B82F-14C0AEEFEDB6}.Release|Any CPU.ActiveCfg = Release|Any CPU
		{A9DEE8A3-4BA3-4D04-B82F-14C0AEEFEDB6}.Release|Any CPU.Build.0 = Release|Any CPU
		{B8761EBA-B502-4270-A4C1-75D5E6AF67FE}.Debug|Any CPU.ActiveCfg = Debug|Any CPU
		{B8761EBA-B502-4270-A4C1-75D5E6AF67FE}.Debug|Any CPU.Build.0 = Debug|Any CPU
		{B8761EBA-B502-4270-A4C1-75D5E6AF67FE}.Release|Any CPU.ActiveCfg = Release|Any CPU
		{B8761EBA-B502-4270-A4C1-75D5E6AF67FE}.Release|Any CPU.Build.0 = Release|Any CPU
		{00F47FD0-026A-4268-BEB5-661ECF69A011}.Debug|Any CPU.ActiveCfg = Debug|Any CPU
		{00F47FD0-026A-4268-BEB5-661ECF69A011}.Debug|Any CPU.Build.0 = Debug|Any CPU
		{00F47FD0-026A-4268-BEB5-661ECF69A011}.Release|Any CPU.ActiveCfg = Release|Any CPU
		{00F47FD0-026A-4268-BEB5-661ECF69A011}.Release|Any CPU.Build.0 = Release|Any CPU
		{F24FEE40-7A63-416D-9DBE-910DBD1C34D9}.Debug|Any CPU.ActiveCfg = Debug|Any CPU
		{F24FEE40-7A63-416D-9DBE-910DBD1C34D9}.Debug|Any CPU.Build.0 = Debug|Any CPU
		{F24FEE40-7A63-416D-9DBE-910DBD1C34D9}.Release|Any CPU.ActiveCfg = Release|Any CPU
		{F24FEE40-7A63-416D-9DBE-910DBD1C34D9}.Release|Any CPU.Build.0 = Release|Any CPU
		{952648C5-4737-41CA-AA70-73F7A4CFD714}.Debug|Any CPU.ActiveCfg = Debug|Any CPU
		{952648C5-4737-41CA-AA70-73F7A4CFD714}.Debug|Any CPU.Build.0 = Debug|Any CPU
		{952648C5-4737-41CA-AA70-73F7A4CFD714}.Release|Any CPU.ActiveCfg = Release|Any CPU
		{952648C5-4737-41CA-AA70-73F7A4CFD714}.Release|Any CPU.Build.0 = Release|Any CPU
		{DC94E707-39CF-43F7-8B19-3DDC999921FD}.Debug|Any CPU.ActiveCfg = Debug|Any CPU
		{DC94E707-39CF-43F7-8B19-3DDC999921FD}.Debug|Any CPU.Build.0 = Debug|Any CPU
		{DC94E707-39CF-43F7-8B19-3DDC999921FD}.Release|Any CPU.ActiveCfg = Release|Any CPU
		{DC94E707-39CF-43F7-8B19-3DDC999921FD}.Release|Any CPU.Build.0 = Release|Any CPU
		{8D00D8F1-12E5-450C-8906-E974B5423BE6}.Debug|Any CPU.ActiveCfg = Debug|Any CPU
		{8D00D8F1-12E5-450C-8906-E974B5423BE6}.Debug|Any CPU.Build.0 = Debug|Any CPU
		{8D00D8F1-12E5-450C-8906-E974B5423BE6}.Release|Any CPU.ActiveCfg = Release|Any CPU
		{8D00D8F1-12E5-450C-8906-E974B5423BE6}.Release|Any CPU.Build.0 = Release|Any CPU
	EndGlobalSection
	GlobalSection(SolutionProperties) = preSolution
		HideSolutionNode = FALSE
	EndGlobalSection
	GlobalSection(ExtensibilityGlobals) = postSolution
		SolutionGuid = {4A1C10FF-49F8-4949-9EC7-AC3E77021027}
	EndGlobalSection
EndGlobal
